PODS:
  - Expecta (0.3.0)
  - OCMock (2.2.3)
  - OHHTTPStubs (3.1.0)

DEPENDENCIES:
  - Expecta
  - OCMock
  - OHHTTPStubs

SPEC CHECKSUMS:
  Expecta: ce8a51b9fad15a2cd573b291cb2909aaed865350
  OCMock: 807b6904818c42b86f42f36352ce7615b816e61a
  OHHTTPStubs: 8b032ab399e356050010ed34613ee1761c6c8ae3

COCOAPODS: 0.33.1
